
Microsoft Visual Studio Solution File, Format Version 12.00
# Visual Studio Version 16
VisualStudioVersion = 16.0.30907.101
MinimumVisualStudioVersion = 10.0.40219.1
Project("{FAE04EC0-301F-11D3-BF4B-00C04F79EFBC}") = "Lesson2", "Lesson2\Lesson2.csproj", "{F3BD423E-13C4-493C-BC60-09DB6C7857B6}"
EndProject
Global
	GlobalSection(SolutionConfigurationPlatforms) = preSolution
		Debug|Any CPU = Debug|Any CPU
		Release|Any CPU = Release|Any CPU
	EndGlobalSection
	GlobalSection(ProjectConfigurationPlatforms) = postSolution
		{F3BD423E-13C4-493C-BC60-09DB6C7857B6}.Debug|Any CPU.ActiveCfg = Debug|Any CPU
		{F3BD423E-13C4-493C-BC60-09DB6C7857B6}.Debug|Any CPU.Build.0 = Debug|Any CPU
		{F3BD423E-13C4-493C-BC60-09DB6C7857B6}.Release|Any CPU.ActiveCfg = Release|Any CPU
		{F3BD423E-13C4-493C-BC60-09DB6C7857B6}.Release|Any CPU.Build.0 = Release|Any CPU
	EndGlobalSection
	GlobalSection(SolutionProperties) = preSolution
		HideSolutionNode = FALSE
	EndGlobalSection
	GlobalSection(ExtensibilityGlobals) = postSolution
		SolutionGuid = {B8893864-FE0F-4CAB-9200-6417E803EFC8}
	EndGlobalSection
EndGlobal
